{
  "name": "ts-bccc-meta-compiler",
  "version": "1.0.1",
  "lockfileVersion": 1,
  "requires": true,
  "dependencies": {
    "@types/node": {
      "version": "8.0.53",
      "resolved": "https://registry.npmjs.org/@types/node/-/node-8.0.53.tgz",
      "integrity": "sha512-54Dm6NwYeiSQmRB1BLXKr5GELi0wFapR1npi8bnZhEcu84d/yQKqnwwXQ56hZ0RUbTG6L5nqDZaN3dgByQXQRQ=="
    },
    "immutable": {
      "version": "3.8.2",
      "resolved": "https://registry.npmjs.org/immutable/-/immutable-3.8.2.tgz",
      "integrity": "sha1-wkOZUUVbs5kT2vKBN28VMOEErfM="
    },
    "ts-bccc": {
      "version": "1.0.5",
      "resolved": "https://registry.npmjs.org/ts-bccc/-/ts-bccc-1.0.5.tgz",
      "integrity": "sha512-2i13Yv4lxagBQEh1deFDOSYB4z1N9A22LO7r/Iu2n+uiPpdamdSdw6pZQr9IrHIlp3Dn6NdRsxNpUpX2Ua7HKg==",
      "requires": {
        "@types/node": "8.0.53",
        "immutable": "3.8.2"
      }
    },
    "typescript": {
      "version": "2.6.1",
      "resolved": "https://registry.npmjs.org/typescript/-/typescript-2.6.1.tgz",
      "integrity": "sha1-7znN6ierrAtQAkLWcmq5DgyEZjE=",
      "dev": true
    }
  }
}
